
Microsoft Visual Studio Solution File, Format Version 12.00
# Visual Studio Version 17
VisualStudioVersion = 17.6.33717.318
MinimumVisualStudioVersion = 10.0.40219.1
Project("{FAE04EC0-301F-11D3-BF4B-00C04F79EFBC}") = "SelectionSort", "SelectionSort.csproj", "{5B0902EE-FA79-49D2-9F4D-F58EA080EE54}"
EndProject
Global
	GlobalSection(SolutionConfigurationPlatforms) = preSolution
		Debug|Any CPU = Debug|Any CPU
		Release|Any CPU = Release|Any CPU
	EndGlobalSection
	GlobalSection(ProjectConfigurationPlatforms) = postSolution
		{5B0902EE-FA79-49D2-9F4D-F58EA080EE54}.Debug|Any CPU.ActiveCfg = Debug|Any CPU
		{5B0902EE-FA79-49D2-9F4D-F58EA080EE54}.Debug|Any CPU.Build.0 = Debug|Any CPU
		{5B0902EE-FA79-49D2-9F4D-F58EA080EE54}.Release|Any CPU.ActiveCfg = Release|Any CPU
		{5B0902EE-FA79-49D2-9F4D-F58EA080EE54}.Release|Any CPU.Build.0 = Release|Any CPU
	EndGlobalSection
	GlobalSection(SolutionProperties) = preSolution
		HideSolutionNode = FALSE
	EndGlobalSection
	GlobalSection(ExtensibilityGlobals) = postSolution
		SolutionGuid = {FEBA821C-1D4B-41EF-BB23-BD8E7FC09A6B}
	EndGlobalSection
EndGlobal
